<?xml version="1.0" encoding="utf-8"?>
<Project ToolsVersion="4.0" xmlns="http://schemas.microsoft.com/developer/msbuild/2003">
  <ItemGroup>
    <Filter Include="Source Files">
      <UniqueIdentifier>{4FC737F1-C7A5-4376-A066-2A32D752A2FF}</UniqueIdentifier>
      <Extensions>cpp;c;cc;cxx;def;odl;idl;hpj;bat;asm;asmx</Extensions>
    </Filter>
    <Filter Include="Header Files">
      <UniqueIdentifier>{93995380-89BD-4b04-88EB-625FBE52EBFB}</UniqueIdentifier>
      <Extensions>h;hh;hpp;hxx;hm;inl;inc;xsd</Extensions>
    </Filter>
    <Filter Include="Resource Files">
      <UniqueIdentifier>{67DA6AB6-F800-4c08-8B7A-83BB121AAD01}</UniqueIdentifier>
      <Extensions>rc;ico;cur;bmp;dlg;rc2;rct;bin;rgs;gif;jpg;jpeg;jpe;resx;tiff;tif;png;wav;mfcribbon-ms</Extensions>
    </Filter>
    <Filter Include="Source Files\All-Item">
      <UniqueIdentifier>{0acf26d5-c017-47cc-a235-37bb66b2c9a8}</UniqueIdentifier>
    </Filter>
    <Filter Include="Header Files\All-Item">
      <UniqueIdentifier>{66397d05-56a7-4f4f-b925-825a5d5eabd3}</UniqueIdentifier>
    </Filter>
    <Filter Include="Header Files\All-Person">
      <UniqueIdentifier>{e84a88d1-dfb1-46e2-ac56-8ba38da24b36}</UniqueIdentifier>
    </Filter>
    <Filter Include="Source Files\All-Person">
      <UniqueIdentifier>{86ce9eaa-a4ae-40ec-85f6-7a52ab520759}</UniqueIdentifier>
    </Filter>
    <Filter Include="Header Files\All-Person\Employee">
      <UniqueIdentifier>{4b560385-5a39-441f-a442-b553acf98f94}</UniqueIdentifier>
    </Filter>
    <Filter Include="Source Files\All-Person\Employee">
      <UniqueIdentifier>{d1ce4d68-a48f-4725-8874-e67da8ef05b4}</UniqueIdentifier>
    </Filter>
    <Filter Include="Source Files\All-Person\Customer">
      <UniqueIdentifier>{e4f83615-e585-45fc-85f5-54c75da4d0fd}</UniqueIdentifier>
    </Filter>
    <Filter Include="Header Files\All-Person\Customer">
      <UniqueIdentifier>{43f7b70f-d9ee-4dc3-8dff-95adac6534b7}</UniqueIdentifier>
    </Filter>
  </ItemGroup>
  <ItemGroup>
    <Text Include="ReadMe.txt" />
  </ItemGroup>
  <ItemGroup>
    <ClInclude Include="stdafx.h">
      <Filter>Header Files</Filter>
    </ClInclude>
    <ClInclude Include="targetver.h">
      <Filter>Header Files</Filter>
    </ClInclude>
    <ClInclude Include="Item.h">
      <Filter>Header Files\All-Item</Filter>
    </ClInclude>
    <ClInclude Include="ItemFactory.h">
      <Filter>Header Files\All-Item</Filter>
    </ClInclude>
    <ClInclude Include="Memory.h">
      <Filter>Header Files\All-Item</Filter>
    </ClInclude>
    <ClInclude Include="Motherboard.h">
      <Filter>Header Files\All-Item</Filter>
    </ClInclude>
    <ClInclude Include="PowerSupply.h">
      <Filter>Header Files\All-Item</Filter>
    </ClInclude>
    <ClInclude Include="Processor.h">
      <Filter>Header Files\All-Item</Filter>
    </ClInclude>
    <ClInclude Include="RegardItem.h">
      <Filter>Header Files\All-Item</Filter>
    </ClInclude>
    <ClInclude Include="Storage.h">
      <Filter>Header Files\All-Item</Filter>
    </ClInclude>
    <ClInclude Include="Tower.h">
      <Filter>Header Files\All-Item</Filter>
    </ClInclude>
    <ClInclude Include="Person.h">
      <Filter>Header Files\All-Person</Filter>
    </ClInclude>
    <ClInclude Include="Employee.h">
      <Filter>Header Files\All-Person\Employee</Filter>
    </ClInclude>
    <ClInclude Include="EmployeeFactory.h">
      <Filter>Header Files\All-Person\Employee</Filter>
    </ClInclude>
    <ClInclude Include="FullTimeEmployee.h">
      <Filter>Header Files\All-Person\Employee</Filter>
    </ClInclude>
    <ClInclude Include="PartTimeEmployee.h">
      <Filter>Header Files\All-Person\Employee</Filter>
    </ClInclude>
    <ClInclude Include="RegardEmployees.h">
      <Filter>Header Files\All-Person\Employee</Filter>
    </ClInclude>
    <ClInclude Include="TemporaryEmployee.h">
      <Filter>Header Files\All-Person\Employee</Filter>
    </ClInclude>
    <ClInclude Include="Customer.h">
      <Filter>Header Files\All-Person\Customer</Filter>
    </ClInclude>
    <ClInclude Include="CustomerFactory.h">
      <Filter>Header Files\All-Person\Customer</Filter>
    </ClInclude>
    <ClInclude Include="RegardCustomer.h">
      <Filter>Header Files\All-Person\Customer</Filter>
    </ClInclude>
    <ClInclude Include="PC.h">
      <Filter>Header Files\All-Item</Filter>
    </ClInclude>
    <ClInclude Include="FileManager.h">
      <Filter>Header Files</Filter>
    </ClInclude>
    <ClInclude Include="SystemManager.h">
      <Filter>Header Files</Filter>
    </ClInclude>
    <ClInclude Include="GraphicsCard.h">
      <Filter>Header Files\All-Item</Filter>
    </ClInclude>
    <ClInclude Include="View.h">
      <Filter>Header Files</Filter>
    </ClInclude>
    <ClInclude Include="RegardNetWealth.h">
      <Filter>Header Files</Filter>
    </ClInclude>
  </ItemGroup>
  <ItemGroup>
    <ClCompile Include="stdafx.cpp">
      <Filter>Source Files</Filter>
    </ClCompile>
    <ClCompile Include="SDI Coursework.cpp">
      <Filter>Source Files</Filter>
    </ClCompile>
    <ClCompile Include="Item.cpp">
      <Filter>Source Files\All-Item</Filter>
    </ClCompile>
    <ClCompile Include="ItemFactory.cpp">
      <Filter>Source Files\All-Item</Filter>
    </ClCompile>
    <ClCompile Include="Motherboard.cpp">
      <Filter>Source Files\All-Item</Filter>
    </ClCompile>
    <ClCompile Include="Memory.cpp">
      <Filter>Source Files\All-Item</Filter>
    </ClCompile>
    <ClCompile Include="PowerSupply.cpp">
      <Filter>Source Files\All-Item</Filter>
    </ClCompile>
    <ClCompile Include="Processor.cpp">
      <Filter>Source Files\All-Item</Filter>
    </ClCompile>
    <ClCompile Include="RegardItem.cpp">
      <Filter>Source Files\All-Item</Filter>
    </ClCompile>
    <ClCompile Include="Storage.cpp">
      <Filter>Source Files\All-Item</Filter>
    </ClCompile>
    <ClCompile Include="Tower.cpp">
      <Filter>Source Files\All-Item</Filter>
    </ClCompile>
    <ClCompile Include="Person.cpp">
      <Filter>Source Files\All-Person</Filter>
    </ClCompile>
    <ClCompile Include="Employee.cpp">
      <Filter>Source Files\All-Person\Employee</Filter>
    </ClCompile>
    <ClCompile Include="EmployeeFactory.cpp">
      <Filter>Source Files\All-Person\Employee</Filter>
    </ClCompile>
    <ClCompile Include="FullTimeEmployee.cpp">
      <Filter>Source Files\All-Person\Employee</Filter>
    </ClCompile>
    <ClCompile Include="PartTimeEmployee.cpp">
      <Filter>Source Files\All-Person\Employee</Filter>
    </ClCompile>
    <ClCompile Include="RegardEmployees.cpp">
      <Filter>Source Files\All-Person\Employee</Filter>
    </ClCompile>
    <ClCompile Include="TemporaryEmployee.cpp">
      <Filter>Source Files\All-Person\Employee</Filter>
    </ClCompile>
    <ClCompile Include="Customer.cpp">
      <Filter>Source Files\All-Person\Customer</Filter>
    </ClCompile>
    <ClCompile Include="CustomerFactory.cpp">
      <Filter>Source Files\All-Person\Customer</Filter>
    </ClCompile>
    <ClCompile Include="RegardCustomer.cpp">
      <Filter>Source Files\All-Person\Customer</Filter>
    </ClCompile>
    <ClCompile Include="PC.cpp">
      <Filter>Source Files\All-Item</Filter>
    </ClCompile>
    <ClCompile Include="FileManager.cpp">
      <Filter>Source Files</Filter>
    </ClCompile>
    <ClCompile Include="SystemManager.cpp">
      <Filter>Source Files</Filter>
    </ClCompile>
    <ClCompile Include="GraphicsCard.cpp">
      <Filter>Source Files\All-Item</Filter>
    </ClCompile>
    <ClCompile Include="View.cpp">
      <Filter>Source Files</Filter>
    </ClCompile>
    <ClCompile Include="RegardNetWealth.cpp">
      <Filter>Source Files</Filter>
    </ClCompile>
  </ItemGroup>
</Project>